// !$*UTF8*$!
{
	archiveVersion = 1;
	classes = {
	};
	objectVersion = 56;
	objects = {

/* Begin PBXBuildFile section */
		8F0998F52CDA586400006266 /* Projeto_Swift_CrudApp.swift in Sources */ = {isa = PBXBuildFile; fileRef = 8F0998F42CDA586400006266 /* Projeto_Swift_CrudApp.swift */; };
		8F0998F72CDA586400006266 /* ContentView.swift in Sources */ = {isa = PBXBuildFile; fileRef = 8F0998F62CDA586400006266 /* ContentView.swift */; };
		8F0998F92CDA586500006266 /* Assets.xcassets in Resources */ = {isa = PBXBuildFile; fileRef = 8F0998F82CDA586500006266 /* Assets.xcassets */; };
		8F0998FC2CDA586500006266 /* Preview Assets.xcassets in Resources */ = {isa = PBXBuildFile; fileRef = 8F0998FB2CDA586500006266 /* Preview Assets.xcassets */; };
		8F0999032CDA5B3500006266 /* GoogleService-Info.plist in Resources */ = {isa = PBXBuildFile; fileRef = 8F0999022CDA5B3500006266 /* GoogleService-Info.plist */; };
		8F0999062CDA5C2300006266 /* FirebaseAnalytics in Frameworks */ = {isa = PBXBuildFile; productRef = 8F0999052CDA5C2300006266 /* FirebaseAnalytics */; };
		8F0999082CDA5C2300006266 /* FirebaseAnalyticsOnDeviceConversion in Frameworks */ = {isa = PBXBuildFile; productRef = 8F0999072CDA5C2300006266 /* FirebaseAnalyticsOnDeviceConversion */; };
		8F09990A2CDA5C2300006266 /* FirebaseAnalyticsWithoutAdIdSupport in Frameworks */ = {isa = PBXBuildFile; productRef = 8F0999092CDA5C2300006266 /* FirebaseAnalyticsWithoutAdIdSupport */; };
		8F09990C2CDA5C2300006266 /* FirebaseAppCheck in Frameworks */ = {isa = PBXBuildFile; productRef = 8F09990B2CDA5C2300006266 /* FirebaseAppCheck */; };
		8F09990E2CDA5C2300006266 /* FirebaseAppDistribution-Beta in Frameworks */ = {isa = PBXBuildFile; productRef = 8F09990D2CDA5C2300006266 /* FirebaseAppDistribution-Beta */; };
		8F0999102CDA5C2300006266 /* FirebaseAuth in Frameworks */ = {isa = PBXBuildFile; productRef = 8F09990F2CDA5C2300006266 /* FirebaseAuth */; };
		8F0999122CDA5C2300006266 /* FirebaseAuthCombine-Community in Frameworks */ = {isa = PBXBuildFile; productRef = 8F0999112CDA5C2300006266 /* FirebaseAuthCombine-Community */; };
		8F0999142CDA5C2300006266 /* FirebaseCore in Frameworks */ = {isa = PBXBuildFile; productRef = 8F0999132CDA5C2300006266 /* FirebaseCore */; };
		8F0999162CDA5C2300006266 /* FirebaseCrashlytics in Frameworks */ = {isa = PBXBuildFile; productRef = 8F0999152CDA5C2300006266 /* FirebaseCrashlytics */; };
		8F0999182CDA5C2300006266 /* FirebaseDatabase in Frameworks */ = {isa = PBXBuildFile; productRef = 8F0999172CDA5C2300006266 /* FirebaseDatabase */; };
		8F09991A2CDA5C2300006266 /* FirebaseDynamicLinks in Frameworks */ = {isa = PBXBuildFile; productRef = 8F0999192CDA5C2300006266 /* FirebaseDynamicLinks */; };
		8F09991C2CDA5C2300006266 /* FirebaseFirestore in Frameworks */ = {isa = PBXBuildFile; productRef = 8F09991B2CDA5C2300006266 /* FirebaseFirestore */; };
		8F09991E2CDA5C2300006266 /* FirebaseFirestoreCombine-Community in Frameworks */ = {isa = PBXBuildFile; productRef = 8F09991D2CDA5C2300006266 /* FirebaseFirestoreCombine-Community */; };
		8F0999202CDA5C2300006266 /* FirebaseFunctions in Frameworks */ = {isa = PBXBuildFile; productRef = 8F09991F2CDA5C2300006266 /* FirebaseFunctions */; };
		8F0999222CDA5C2300006266 /* FirebaseFunctionsCombine-Community in Frameworks */ = {isa = PBXBuildFile; productRef = 8F0999212CDA5C2300006266 /* FirebaseFunctionsCombine-Community */; };
		8F0999272CDA634200006266 /* AppDelegate.swift in Sources */ = {isa = PBXBuildFile; fileRef = 8F0999262CDA634200006266 /* AppDelegate.swift */; };
		8F0999292CDA643B00006266 /* FirebaseManager.swift in Sources */ = {isa = PBXBuildFile; fileRef = 8F0999282CDA643B00006266 /* FirebaseManager.swift */; };
		8F09992B2CDA68EA00006266 /* CadastroView.swift in Sources */ = {isa = PBXBuildFile; fileRef = 8F09992A2CDA68EA00006266 /* CadastroView.swift */; };
		8F29E95D2CEB79A7001EBA4B /* PrincipalView.swift in Sources */ = {isa = PBXBuildFile; fileRef = 8F29E95C2CEB79A7001EBA4B /* PrincipalView.swift */; };
		8F29E95F2CEB7F4A001EBA4B /* DetalhesView.swift in Sources */ = {isa = PBXBuildFile; fileRef = 8F29E95E2CEB7F4A001EBA4B /* DetalhesView.swift */; };
		8FCDCDE82CF0C9E5002BEFD3 /* EditarView.swift in Sources */ = {isa = PBXBuildFile; fileRef = 8FCDCDE72CF0C9E5002BEFD3 /* EditarView.swift */; };
/* End PBXBuildFile section */

/* Begin PBXFileReference section */
		8F0998F12CDA586400006266 /* Projeto-Swift-Crud.app */ = {isa = PBXFileReference; explicitFileType = wrapper.application; includeInIndex = 0; path = "Projeto-Swift-Crud.app"; sourceTree = BUILT_PRODUCTS_DIR; };
		8F0998F42CDA586400006266 /* Projeto_Swift_CrudApp.swift */ = {isa = PBXFileReference; lastKnownFileType = sourcecode.swift; path = Projeto_Swift_CrudApp.swift; sourceTree = "<group>"; };
		8F0998F62CDA586400006266 /* ContentView.swift */ = {isa = PBXFileReference; lastKnownFileType = sourcecode.swift; path = ContentView.swift; sourceTree = "<group>"; };
		8F0998F82CDA586500006266 /* Assets.xcassets */ = {isa = PBXFileReference; lastKnownFileType = folder.assetcatalog; path = Assets.xcassets; sourceTree = "<group>"; };
		8F0998FB2CDA586500006266 /* Preview Assets.xcassets */ = {isa = PBXFileReference; lastKnownFileType = folder.assetcatalog; path = "Preview Assets.xcassets"; sourceTree = "<group>"; };
		8F0999022CDA5B3500006266 /* GoogleService-Info.plist */ = {isa = PBXFileReference; fileEncoding = 4; lastKnownFileType = text.plist.xml; path = "GoogleService-Info.plist"; sourceTree = "<group>"; };
		8F0999262CDA634200006266 /* AppDelegate.swift */ = {isa = PBXFileReference; lastKnownFileType = sourcecode.swift; path = AppDelegate.swift; sourceTree = "<group>"; };
		8F0999282CDA643B00006266 /* FirebaseManager.swift */ = {isa = PBXFileReference; lastKnownFileType = sourcecode.swift; path = FirebaseManager.swift; sourceTree = "<group>"; };
		8F09992A2CDA68EA00006266 /* CadastroView.swift */ = {isa = PBXFileReference; lastKnownFileType = sourcecode.swift; path = CadastroView.swift; sourceTree = "<group>"; };
		8F29E95C2CEB79A7001EBA4B /* PrincipalView.swift */ = {isa = PBXFileReference; lastKnownFileType = sourcecode.swift; path = PrincipalView.swift; sourceTree = "<group>"; };
		8F29E95E2CEB7F4A001EBA4B /* DetalhesView.swift */ = {isa = PBXFileReference; lastKnownFileType = sourcecode.swift; path = DetalhesView.swift; sourceTree = "<group>"; };
		8FCDCDE72CF0C9E5002BEFD3 /* EditarView.swift */ = {isa = PBXFileReference; lastKnownFileType = sourcecode.swift; path = EditarView.swift; sourceTree = "<group>"; };
/* End PBXFileReference section */

/* Begin PBXFrameworksBuildPhase section */
		8F0998EE2CDA586400006266 /* Frameworks */ = {
			isa = PBXFrameworksBuildPhase;
			buildActionMask = 2147483647;
			files = (
				8F09991E2CDA5C2300006266 /* FirebaseFirestoreCombine-Community in Frameworks */,
				8F0999202CDA5C2300006266 /* FirebaseFunctions in Frameworks */,
				8F0999182CDA5C2300006266 /* FirebaseDatabase in Frameworks */,
				8F09991A2CDA5C2300006266 /* FirebaseDynamicLinks in Frameworks */,
				8F09990C2CDA5C2300006266 /* FirebaseAppCheck in Frameworks */,
				8F0999102CDA5C2300006266 /* FirebaseAuth in Frameworks */,
				8F0999062CDA5C2300006266 /* FirebaseAnalytics in Frameworks */,
				8F09991C2CDA5C2300006266 /* FirebaseFirestore in Frameworks */,
				8F0999222CDA5C2300006266 /* FirebaseFunctionsCombine-Community in Frameworks */,
				8F09990E2CDA5C2300006266 /* FirebaseAppDistribution-Beta in Frameworks */,
				8F09990A2CDA5C2300006266 /* FirebaseAnalyticsWithoutAdIdSupport in Frameworks */,
				8F0999122CDA5C2300006266 /* FirebaseAuthCombine-Community in Frameworks */,
				8F0999162CDA5C2300006266 /* FirebaseCrashlytics in Frameworks */,
				8F0999142CDA5C2300006266 /* FirebaseCore in Frameworks */,
				8F0999082CDA5C2300006266 /* FirebaseAnalyticsOnDeviceConversion in Frameworks */,
			);
			runOnlyForDeploymentPostprocessing = 0;
		};
/* End PBXFrameworksBuildPhase section */

/* Begin PBXGroup section */
		8F0998E82CDA586400006266 = {
			isa = PBXGroup;
			children = (
				8F0998F32CDA586400006266 /* Projeto-Swift-Crud */,
				8F0998F22CDA586400006266 /* Products */,
			);
			sourceTree = "<group>";
		};
		8F0998F22CDA586400006266 /* Products */ = {
			isa = PBXGroup;
			children = (
				8F0998F12CDA586400006266 /* Projeto-Swift-Crud.app */,
			);
			name = Products;
			sourceTree = "<group>";
		};
		8F0998F32CDA586400006266 /* Projeto-Swift-Crud */ = {
			isa = PBXGroup;
			children = (
				8F0999022CDA5B3500006266 /* GoogleService-Info.plist */,
				8F0999232CDA5E6200006266 /* View */,
				8F0998F42CDA586400006266 /* Projeto_Swift_CrudApp.swift */,
				8F0998F62CDA586400006266 /* ContentView.swift */,
				8F0998F82CDA586500006266 /* Assets.xcassets */,
				8F0998FA2CDA586500006266 /* Preview Content */,
				8F0999262CDA634200006266 /* AppDelegate.swift */,
				8F0999282CDA643B00006266 /* FirebaseManager.swift */,
			);
			path = "Projeto-Swift-Crud";
			sourceTree = "<group>";
		};
		8F0998FA2CDA586500006266 /* Preview Content */ = {
			isa = PBXGroup;
			children = (
				8F0998FB2CDA586500006266 /* Preview Assets.xcassets */,
			);
			path = "Preview Content";
			sourceTree = "<group>";
		};
		8F0999232CDA5E6200006266 /* View */ = {
			isa = PBXGroup;
			children = (
				8F09992A2CDA68EA00006266 /* CadastroView.swift */,
				8F29E95C2CEB79A7001EBA4B /* PrincipalView.swift */,
				8F29E95E2CEB7F4A001EBA4B /* DetalhesView.swift */,
				8FCDCDE72CF0C9E5002BEFD3 /* EditarView.swift */,
			);
			path = View;
			sourceTree = "<group>";
		};
/* End PBXGroup section */

/* Begin PBXNativeTarget section */
		8F0998F02CDA586400006266 /* Projeto-Swift-Crud */ = {
			isa = PBXNativeTarget;
			buildConfigurationList = 8F0998FF2CDA586500006266 /* Build configuration list for PBXNativeTarget "Projeto-Swift-Crud" */;
			buildPhases = (
				8F0998ED2CDA586400006266 /* Sources */,
				8F0998EE2CDA586400006266 /* Frameworks */,
				8F0998EF2CDA586400006266 /* Resources */,
			);
			buildRules = (
			);
			dependencies = (
			);
			name = "Projeto-Swift-Crud";
			packageProductDependencies = (
				8F0999052CDA5C2300006266 /* FirebaseAnalytics */,
				8F0999072CDA5C2300006266 /* FirebaseAnalyticsOnDeviceConversion */,
				8F0999092CDA5C2300006266 /* FirebaseAnalyticsWithoutAdIdSupport */,
				8F09990B2CDA5C2300006266 /* FirebaseAppCheck */,
				8F09990D2CDA5C2300006266 /* FirebaseAppDistribution-Beta */,
				8F09990F2CDA5C2300006266 /* FirebaseAuth */,
				8F0999112CDA5C2300006266 /* FirebaseAuthCombine-Community */,
				8F0999132CDA5C2300006266 /* FirebaseCore */,
				8F0999152CDA5C2300006266 /* FirebaseCrashlytics */,
				8F0999172CDA5C2300006266 /* FirebaseDatabase */,
				8F0999192CDA5C2300006266 /* FirebaseDynamicLinks */,
				8F09991B2CDA5C2300006266 /* FirebaseFirestore */,
				8F09991D2CDA5C2300006266 /* FirebaseFirestoreCombine-Community */,
				8F09991F2CDA5C2300006266 /* FirebaseFunctions */,
				8F0999212CDA5C2300006266 /* FirebaseFunctionsCombine-Community */,
			);
			productName = "Projeto-Swift-Crud";
			productReference = 8F0998F12CDA586400006266 /* Projeto-Swift-Crud.app */;
			productType = "com.apple.product-type.application";
		};
/* End PBXNativeTarget section */

/* Begin PBXProject section */
		8F0998E92CDA586400006266 /* Project object */ = {
			isa = PBXProject;
			attributes = {
				BuildIndependentTargetsInParallel = 1;
				LastSwiftUpdateCheck = 1520;
				LastUpgradeCheck = 1520;
				TargetAttributes = {
					8F0998F02CDA586400006266 = {
						CreatedOnToolsVersion = 15.2;
					};
				};
			};
			buildConfigurationList = 8F0998EC2CDA586400006266 /* Build configuration list for PBXProject "Projeto-Swift-Crud" */;
			compatibilityVersion = "Xcode 14.0";
			developmentRegion = en;
			hasScannedForEncodings = 0;
			knownRegions = (
				en,
				Base,
			);
			mainGroup = 8F0998E82CDA586400006266;
			packageReferences = (
				8F0999042CDA5C2300006266 /* XCRemoteSwiftPackageReference "firebase-ios-sdk" */,
			);
			productRefGroup = 8F0998F22CDA586400006266 /* Products */;
			projectDirPath = "";
			projectRoot = "";
			targets = (
				8F0998F02CDA586400006266 /* Projeto-Swift-Crud */,
			);
		};
/* End PBXProject section */

/* Begin PBXResourcesBuildPhase section */
		8F0998EF2CDA586400006266 /* Resources */ = {
			isa = PBXResourcesBuildPhase;
			buildActionMask = 2147483647;
			files = (
				8F0998FC2CDA586500006266 /* Preview Assets.xcassets in Resources */,
				8F0998F92CDA586500006266 /* Assets.xcassets in Resources */,
				8F0999032CDA5B3500006266 /* GoogleService-Info.plist in Resources */,
			);
			runOnlyForDeploymentPostprocessing = 0;
		};
/* End PBXResourcesBuildPhase section */

/* Begin PBXSourcesBuildPhase section */
		8F0998ED2CDA586400006266 /* Sources */ = {
			isa = PBXSourcesBuildPhase;
			buildActionMask = 2147483647;
			files = (
				8F0999272CDA634200006266 /* AppDelegate.swift in Sources */,
				8F0998F72CDA586400006266 /* ContentView.swift in Sources */,
				8F29E95F2CEB7F4A001EBA4B /* DetalhesView.swift in Sources */,
				8F0999292CDA643B00006266 /* FirebaseManager.swift in Sources */,
				8F0998F52CDA586400006266 /* Projeto_Swift_CrudApp.swift in Sources */,
				8F29E95D2CEB79A7001EBA4B /* PrincipalView.swift in Sources */,
				8F09992B2CDA68EA00006266 /* CadastroView.swift in Sources */,
				8FCDCDE82CF0C9E5002BEFD3 /* EditarView.swift in Sources */,
			);
			runOnlyForDeploymentPostprocessing = 0;
		};
/* End PBXSourcesBuildPhase section */

/* Begin XCBuildConfiguration section */
		8F0998FD2CDA586500006266 /* Debug */ = {
			isa = XCBuildConfiguration;
			buildSettings = {
				ALWAYS_SEARCH_USER_PATHS = NO;
				ASSETCATALOG_COMPILER_GENERATE_SWIFT_ASSET_SYMBOL_EXTENSIONS = YES;
				CLANG_ANALYZER_NONNULL = YES;
				CLANG_ANALYZER_NUMBER_OBJECT_CONVERSION = YES_AGGRESSIVE;
				CLANG_CXX_LANGUAGE_STANDARD = "gnu++20";
				CLANG_ENABLE_MODULES = YES;
				CLANG_ENABLE_OBJC_ARC = YES;
				CLANG_ENABLE_OBJC_WEAK = YES;
				CLANG_WARN_BLOCK_CAPTURE_AUTORELEASING = YES;
				CLANG_WARN_BOOL_CONVERSION = YES;
				CLANG_WARN_COMMA = YES;
				CLANG_WARN_CONSTANT_CONVERSION = YES;
				CLANG_WARN_DEPRECATED_OBJC_IMPLEMENTATIONS = YES;
				CLANG_WARN_DIRECT_OBJC_ISA_USAGE = YES_ERROR;
				CLANG_WARN_DOCUMENTATION_COMMENTS = YES;
				CLANG_WARN_EMPTY_BODY = YES;
				CLANG_WARN_ENUM_CONVERSION = YES;
				CLANG_WARN_INFINITE_RECURSION = YES;
				CLANG_WARN_INT_CONVERSION = YES;
				CLANG_WARN_NON_LITERAL_NULL_CONVERSION = YES;
				CLANG_WARN_OBJC_IMPLICIT_RETAIN_SELF = YES;
				CLANG_WARN_OBJC_LITERAL_CONVERSION = YES;
				CLANG_WARN_OBJC_ROOT_CLASS = YES_ERROR;
				CLANG_WARN_QUOTED_INCLUDE_IN_FRAMEWORK_HEADER = YES;
				CLANG_WARN_RANGE_LOOP_ANALYSIS = YES;
				CLANG_WARN_STRICT_PROTOTYPES = YES;
				CLANG_WARN_SUSPICIOUS_MOVE = YES;
				CLANG_WARN_UNGUARDED_AVAILABILITY = YES_AGGRESSIVE;
				CLANG_WARN_UNREACHABLE_CODE = YES;
				CLANG_WARN__DUPLICATE_METHOD_MATCH = YES;
				COPY_PHASE_STRIP = NO;
				DEBUG_INFORMATION_FORMAT = dwarf;
				ENABLE_STRICT_OBJC_MSGSEND = YES;
				ENABLE_TESTABILITY = YES;
				ENABLE_USER_SCRIPT_SANDBOXING = YES;
				GCC_C_LANGUAGE_STANDARD = gnu17;
				GCC_DYNAMIC_NO_PIC = NO;
				GCC_NO_COMMON_BLOCKS = YES;
				GCC_OPTIMIZATION_LEVEL = 0;
				GCC_PREPROCESSOR_DEFINITIONS = (
					"DEBUG=1",
					"$(inherited)",
				);
				GCC_WARN_64_TO_32_BIT_CONVERSION = YES;
				GCC_WARN_ABOUT_RETURN_TYPE = YES_ERROR;
				GCC_WARN_UNDECLARED_SELECTOR = YES;
				GCC_WARN_UNINITIALIZED_AUTOS = YES_AGGRESSIVE;
				GCC_WARN_UNUSED_FUNCTION = YES;
				GCC_WARN_UNUSED_VARIABLE = YES;
				IPHONEOS_DEPLOYMENT_TARGET = 17.2;
				LOCALIZATION_PREFERS_STRING_CATALOGS = YES;
				MTL_ENABLE_DEBUG_INFO = INCLUDE_SOURCE;
				MTL_FAST_MATH = YES;
				ONLY_ACTIVE_ARCH = YES;
				SDKROOT = iphoneos;
				SWIFT_ACTIVE_COMPILATION_CONDITIONS = "DEBUG $(inherited)";
				SWIFT_OPTIMIZATION_LEVEL = "-Onone";
			};
			name = Debug;
		};
		8F0998FE2CDA586500006266 /* Release */ = {
			isa = XCBuildConfiguration;
			buildSettings = {
				ALWAYS_SEARCH_USER_PATHS = NO;
				ASSETCATALOG_COMPILER_GENERATE_SWIFT_ASSET_SYMBOL_EXTENSIONS = YES;
				CLANG_ANALYZER_NONNULL = YES;
				CLANG_ANALYZER_NUMBER_OBJECT_CONVERSION = YES_AGGRESSIVE;
				CLANG_CXX_LANGUAGE_STANDARD = "gnu++20";
				CLANG_ENABLE_MODULES = YES;
				CLANG_ENABLE_OBJC_ARC = YES;
				CLANG_ENABLE_OBJC_WEAK = YES;
				CLANG_WARN_BLOCK_CAPTURE_AUTORELEASING = YES;
				CLANG_WARN_BOOL_CONVERSION = YES;
				CLANG_WARN_COMMA = YES;
				CLANG_WARN_CONSTANT_CONVERSION = YES;
				CLANG_WARN_DEPRECATED_OBJC_IMPLEMENTATIONS = YES;
				CLANG_WARN_DIRECT_OBJC_ISA_USAGE = YES_ERROR;
				CLANG_WARN_DOCUMENTATION_COMMENTS = YES;
				CLANG_WARN_EMPTY_BODY = YES;
				CLANG_WARN_ENUM_CONVERSION = YES;
				CLANG_WARN_INFINITE_RECURSION = YES;
				CLANG_WARN_INT_CONVERSION = YES;
				CLANG_WARN_NON_LITERAL_NULL_CONVERSION = YES;
				CLANG_WARN_OBJC_IMPLICIT_RETAIN_SELF = YES;
				CLANG_WARN_OBJC_LITERAL_CONVERSION = YES;
				CLANG_WARN_OBJC_ROOT_CLASS = YES_ERROR;
				CLANG_WARN_QUOTED_INCLUDE_IN_FRAMEWORK_HEADER = YES;
				CLANG_WARN_RANGE_LOOP_ANALYSIS = YES;
				CLANG_WARN_STRICT_PROTOTYPES = YES;
				CLANG_WARN_SUSPICIOUS_MOVE = YES;
				CLANG_WARN_UNGUARDED_AVAILABILITY = YES_AGGRESSIVE;
				CLANG_WARN_UNREACHABLE_CODE = YES;
				CLANG_WARN__DUPLICATE_METHOD_MATCH = YES;
				COPY_PHASE_STRIP = NO;
				DEBUG_INFORMATION_FORMAT = "dwarf-with-dsym";
				ENABLE_NS_ASSERTIONS = NO;
				ENABLE_STRICT_OBJC_MSGSEND = YES;
				ENABLE_USER_SCRIPT_SANDBOXING = YES;
				GCC_C_LANGUAGE_STANDARD = gnu17;
				GCC_NO_COMMON_BLOCKS = YES;
				GCC_WARN_64_TO_32_BIT_CONVERSION = YES;
				GCC_WARN_ABOUT_RETURN_TYPE = YES_ERROR;
				GCC_WARN_UNDECLARED_SELECTOR = YES;
				GCC_WARN_UNINITIALIZED_AUTOS = YES_AGGRESSIVE;
				GCC_WARN_UNUSED_FUNCTION = YES;
				GCC_WARN_UNUSED_VARIABLE = YES;
				IPHONEOS_DEPLOYMENT_TARGET = 17.2;
				LOCALIZATION_PREFERS_STRING_CATALOGS = YES;
				MTL_ENABLE_DEBUG_INFO = NO;
				MTL_FAST_MATH = YES;
				SDKROOT = iphoneos;
				SWIFT_COMPILATION_MODE = wholemodule;
				VALIDATE_PRODUCT = YES;
			};
			name = Release;
		};
		8F0999002CDA586500006266 /* Debug */ = {
			isa = XCBuildConfiguration;
			buildSettings = {
				ASSETCATALOG_COMPILER_APPICON_NAME = AppIcon;
				ASSETCATALOG_COMPILER_GLOBAL_ACCENT_COLOR_NAME = AccentColor;
				CODE_SIGN_STYLE = Automatic;
				CURRENT_PROJECT_VERSION = 1;
				DEVELOPMENT_ASSET_PATHS = "\"Projeto-Swift-Crud/Preview Content\"";
				ENABLE_PREVIEWS = YES;
				GENERATE_INFOPLIST_FILE = YES;
				INFOPLIST_KEY_UIApplicationSceneManifest_Generation = YES;
				INFOPLIST_KEY_UIApplicationSupportsIndirectInputEvents = YES;
				INFOPLIST_KEY_UILaunchScreen_Generation = YES;
				INFOPLIST_KEY_UISupportedInterfaceOrientations_iPad = "UIInterfaceOrientationPortrait UIInterfaceOrientationPortraitUpsideDown UIInterfaceOrientationLandscapeLeft UIInterfaceOrientationLandscapeRight";
				INFOPLIST_KEY_UISupportedInterfaceOrientations_iPhone = "UIInterfaceOrientationPortrait UIInterfaceOrientationLandscapeLeft UIInterfaceOrientationLandscapeRight";
				LD_RUNPATH_SEARCH_PATHS = (
					"$(inherited)",
					"@executable_path/Frameworks",
				);
				MARKETING_VERSION = 1.0;
				PRODUCT_BUNDLE_IDENTIFIER = "Cotuca.Projeto-Swift-Crud";
				PRODUCT_NAME = "$(TARGET_NAME)";
				SWIFT_EMIT_LOC_STRINGS = YES;
				SWIFT_VERSION = 5.0;
				TARGETED_DEVICE_FAMILY = "1,2";
			};
			name = Debug;
		};
		8F0999012CDA586500006266 /* Release */ = {
			isa = XCBuildConfiguration;
			buildSettings = {
				ASSETCATALOG_COMPILER_APPICON_NAME = AppIcon;
				ASSETCATALOG_COMPILER_GLOBAL_ACCENT_COLOR_NAME = AccentColor;
				CODE_SIGN_STYLE = Automatic;
				CURRENT_PROJECT_VERSION = 1;
				DEVELOPMENT_ASSET_PATHS = "\"Projeto-Swift-Crud/Preview Content\"";
				ENABLE_PREVIEWS = YES;
				GENERATE_INFOPLIST_FILE = YES;
				INFOPLIST_KEY_UIApplicationSceneManifest_Generation = YES;
				INFOPLIST_KEY_UIApplicationSupportsIndirectInputEvents = YES;
				INFOPLIST_KEY_UILaunchScreen_Generation = YES;
				INFOPLIST_KEY_UISupportedInterfaceOrientations_iPad = "UIInterfaceOrientationPortrait UIInterfaceOrientationPortraitUpsideDown UIInterfaceOrientationLandscapeLeft UIInterfaceOrientationLandscapeRight";
				INFOPLIST_KEY_UISupportedInterfaceOrientations_iPhone = "UIInterfaceOrientationPortrait UIInterfaceOrientationLandscapeLeft UIInterfaceOrientationLandscapeRight";
				LD_RUNPATH_SEARCH_PATHS = (
					"$(inherited)",
					"@executable_path/Frameworks",
				);
				MARKETING_VERSION = 1.0;
				PRODUCT_BUNDLE_IDENTIFIER = "Cotuca.Projeto-Swift-Crud";
				PRODUCT_NAME = "$(TARGET_NAME)";
				SWIFT_EMIT_LOC_STRINGS = YES;
				SWIFT_VERSION = 5.0;
				TARGETED_DEVICE_FAMILY = "1,2";
			};
			name = Release;
		};
/* End XCBuildConfiguration section */

/* Begin XCConfigurationList section */
		8F0998EC2CDA586400006266 /* Build configuration list for PBXProject "Projeto-Swift-Crud" */ = {
			isa = XCConfigurationList;
			buildConfigurations = (
				8F0998FD2CDA586500006266 /* Debug */,
				8F0998FE2CDA586500006266 /* Release */,
			);
			defaultConfigurationIsVisible = 0;
			defaultConfigurationName = Release;
		};
		8F0998FF2CDA586500006266 /* Build configuration list for PBXNativeTarget "Projeto-Swift-Crud" */ = {
			isa = XCConfigurationList;
			buildConfigurations = (
				8F0999002CDA586500006266 /* Debug */,
				8F0999012CDA586500006266 /* Release */,
			);
			defaultConfigurationIsVisible = 0;
			defaultConfigurationName = Release;
		};
/* End XCConfigurationList section */

/* Begin XCRemoteSwiftPackageReference section */
		8F0999042CDA5C2300006266 /* XCRemoteSwiftPackageReference "firebase-ios-sdk" */ = {
			isa = XCRemoteSwiftPackageReference;
			repositoryURL = "https://github.com/firebase/firebase-ios-sdk";
			requirement = {
				kind = upToNextMajorVersion;
				minimumVersion = 11.4.0;
			};
		};
/* End XCRemoteSwiftPackageReference section */

/* Begin XCSwiftPackageProductDependency section */
		8F0999052CDA5C2300006266 /* FirebaseAnalytics */ = {
			isa = XCSwiftPackageProductDependency;
			package = 8F0999042CDA5C2300006266 /* XCRemoteSwiftPackageReference "firebase-ios-sdk" */;
			productName = FirebaseAnalytics;
		};
		8F0999072CDA5C2300006266 /* FirebaseAnalyticsOnDeviceConversion */ = {
			isa = XCSwiftPackageProductDependency;
			package = 8F0999042CDA5C2300006266 /* XCRemoteSwiftPackageReference "firebase-ios-sdk" */;
			productName = FirebaseAnalyticsOnDeviceConversion;
		};
		8F0999092CDA5C2300006266 /* FirebaseAnalyticsWithoutAdIdSupport */ = {
			isa = XCSwiftPackageProductDependency;
			package = 8F0999042CDA5C2300006266 /* XCRemoteSwiftPackageReference "firebase-ios-sdk" */;
			productName = FirebaseAnalyticsWithoutAdIdSupport;
		};
		8F09990B2CDA5C2300006266 /* FirebaseAppCheck */ = {
			isa = XCSwiftPackageProductDependency;
			package = 8F0999042CDA5C2300006266 /* XCRemoteSwiftPackageReference "firebase-ios-sdk" */;
			productName = FirebaseAppCheck;
		};
		8F09990D2CDA5C2300006266 /* FirebaseAppDistribution-Beta */ = {
			isa = XCSwiftPackageProductDependency;
			package = 8F0999042CDA5C2300006266 /* XCRemoteSwiftPackageReference "firebase-ios-sdk" */;
			productName = "FirebaseAppDistribution-Beta";
		};
		8F09990F2CDA5C2300006266 /* FirebaseAuth */ = {
			isa = XCSwiftPackageProductDependency;
			package = 8F0999042CDA5C2300006266 /* XCRemoteSwiftPackageReference "firebase-ios-sdk" */;
			productName = FirebaseAuth;
		};
		8F0999112CDA5C2300006266 /* FirebaseAuthCombine-Community */ = {
			isa = XCSwiftPackageProductDependency;
			package = 8F0999042CDA5C2300006266 /* XCRemoteSwiftPackageReference "firebase-ios-sdk" */;
			productName = "FirebaseAuthCombine-Community";
		};
		8F0999132CDA5C2300006266 /* FirebaseCore */ = {
			isa = XCSwiftPackageProductDependency;
			package = 8F0999042CDA5C2300006266 /* XCRemoteSwiftPackageReference "firebase-ios-sdk" */;
			productName = FirebaseCore;
		};
		8F0999152CDA5C2300006266 /* FirebaseCrashlytics */ = {
			isa = XCSwiftPackageProductDependency;
			package = 8F0999042CDA5C2300006266 /* XCRemoteSwiftPackageReference "firebase-ios-sdk" */;
			productName = FirebaseCrashlytics;
		};
		8F0999172CDA5C2300006266 /* FirebaseDatabase */ = {
			isa = XCSwiftPackageProductDependency;
			package = 8F0999042CDA5C2300006266 /* XCRemoteSwiftPackageReference "firebase-ios-sdk" */;
			productName = FirebaseDatabase;
		};
		8F0999192CDA5C2300006266 /* FirebaseDynamicLinks */ = {
			isa = XCSwiftPackageProductDependency;
			package = 8F0999042CDA5C2300006266 /* XCRemoteSwiftPackageReference "firebase-ios-sdk" */;
			productName = FirebaseDynamicLinks;
		};
		8F09991B2CDA5C2300006266 /* FirebaseFirestore */ = {
			isa = XCSwiftPackageProductDependency;
			package = 8F0999042CDA5C2300006266 /* XCRemoteSwiftPackageReference "firebase-ios-sdk" */;
			productName = FirebaseFirestore;
		};
		8F09991D2CDA5C2300006266 /* FirebaseFirestoreCombine-Community */ = {
			isa = XCSwiftPackageProductDependency;
			package = 8F0999042CDA5C2300006266 /* XCRemoteSwiftPackageReference "firebase-ios-sdk" */;
			productName = "FirebaseFirestoreCombine-Community";
		};
		8F09991F2CDA5C2300006266 /* FirebaseFunctions */ = {
			isa = XCSwiftPackageProductDependency;
			package = 8F0999042CDA5C2300006266 /* XCRemoteSwiftPackageReference "firebase-ios-sdk" */;
			productName = FirebaseFunctions;
		};
		8F0999212CDA5C2300006266 /* FirebaseFunctionsCombine-Community */ = {
			isa = XCSwiftPackageProductDependency;
			package = 8F0999042CDA5C2300006266 /* XCRemoteSwiftPackageReference "firebase-ios-sdk" */;
			productName = "FirebaseFunctionsCombine-Community";
		};
/* End XCSwiftPackageProductDependency section */
	};
	rootObject = 8F0998E92CDA586400006266 /* Project object */;
}
